
Microsoft Visual Studio Solution File, Format Version 12.00
# Visual Studio Version 16
VisualStudioVersion = 16.0.31613.86
MinimumVisualStudioVersion = 10.0.40219.1
Project("{FAE04EC0-301F-11D3-BF4B-00C04F79EFBC}") = "Tryout.SignalR.WebApi", "Tryout.SignalR.WebApi.csproj", "{91379F19-5D6C-416D-AE67-F477631FA85D}"
EndProject
Global
	GlobalSection(SolutionConfigurationPlatforms) = preSolution
		Debug|Any CPU = Debug|Any CPU
		Release|Any CPU = Release|Any CPU
	EndGlobalSection
	GlobalSection(ProjectConfigurationPlatforms) = postSolution
		{91379F19-5D6C-416D-AE67-F477631FA85D}.Debug|Any CPU.ActiveCfg = Debug|Any CPU
		{91379F19-5D6C-416D-AE67-F477631FA85D}.Debug|Any CPU.Build.0 = Debug|Any CPU
		{91379F19-5D6C-416D-AE67-F477631FA85D}.Release|Any CPU.ActiveCfg = Release|Any CPU
		{91379F19-5D6C-416D-AE67-F477631FA85D}.Release|Any CPU.Build.0 = Release|Any CPU
	EndGlobalSection
	GlobalSection(SolutionProperties) = preSolution
		HideSolutionNode = FALSE
	EndGlobalSection
	GlobalSection(ExtensibilityGlobals) = postSolution
		SolutionGuid = {35C8896E-C675-4796-806F-3E533114C778}
	EndGlobalSection
EndGlobal
